{
  "name": "public",
  "version": "1.0.0",
  "lockfileVersion": 2,
  "requires": true,
  "packages": {
    "": {
      "name": "public",
      "version": "1.0.0",
      "license": "MIT",
      "dependencies": {
        "ziko": "^0.1.2"
      }
    },
    "node_modules/ziko": {
      "version": "0.1.2",
      "resolved": "https://registry.npmjs.org/ziko/-/ziko-0.1.2.tgz",
      "integrity": "sha512-3TS6KnG6fwbFJlM/+oSp/bhzl89iu9PWhFX4+hk57NejMKit2PclCdBpWzVxL0jRdTThR2lmOkQOM3CPohoSlQ=="
    }
  },
  "dependencies": {
    "ziko": {
      "version": "0.1.2",
      "resolved": "https://registry.npmjs.org/ziko/-/ziko-0.1.2.tgz",
      "integrity": "sha512-3TS6KnG6fwbFJlM/+oSp/bhzl89iu9PWhFX4+hk57NejMKit2PclCdBpWzVxL0jRdTThR2lmOkQOM3CPohoSlQ=="
    }
  }
}
